// !$*UTF8*$!
{
	archiveVersion = 1;
	classes = {
	};
	objectVersion = 56;
	objects = {

/* Begin PBXBuildFile section */
		173F4F632D36C7A400505FBB /* main.cpp in Sources */ = {isa = PBXBuildFile; fileRef = 173F4F622D36C7A400505FBB /* main.cpp */; };
		173F4F6C2D36C87300505FBB /* cmdline.cpp in Sources */ = {isa = PBXBuildFile; fileRef = 173F4F6A2D36C87300505FBB /* cmdline.cpp */; };
		17F5FC562D3F677400541656 /* exp.cpp in Sources */ = {isa = PBXBuildFile; fileRef = 17F5FC542D3F677400541656 /* exp.cpp */; };
		17F5FC582D3F67EE00541656 /* test.cpp in Sources */ = {isa = PBXBuildFile; fileRef = 17F5FC572D3F67EE00541656 /* test.cpp */; };
/* End PBXBuildFile section */

/* Begin PBXCopyFilesBuildPhase section */
		173F4F5D2D36C7A400505FBB /* CopyFiles */ = {
			isa = PBXCopyFilesBuildPhase;
			buildActionMask = 2147483647;
			dstPath = /usr/share/man/man1/;
			dstSubfolderSpec = 0;
			files = (
			);
			runOnlyForDeploymentPostprocessing = 1;
		};
/* End PBXCopyFilesBuildPhase section */

/* Begin PBXFileReference section */
		173F4F5F2D36C7A400505FBB /* Phase1 */ = {isa = PBXFileReference; explicitFileType = "compiled.mach-o.executable"; includeInIndex = 0; path = Phase1; sourceTree = BUILT_PRODUCTS_DIR; };
		173F4F622D36C7A400505FBB /* main.cpp */ = {isa = PBXFileReference; lastKnownFileType = sourcecode.cpp.cpp; path = main.cpp; sourceTree = "<group>"; };
		173F4F692D36C7CD00505FBB /* cmdline.h */ = {isa = PBXFileReference; lastKnownFileType = sourcecode.c.h; path = cmdline.h; sourceTree = "<group>"; };
		173F4F6A2D36C87300505FBB /* cmdline.cpp */ = {isa = PBXFileReference; lastKnownFileType = sourcecode.cpp.cpp; path = cmdline.cpp; sourceTree = "<group>"; };
		17F5FC542D3F677400541656 /* exp.cpp */ = {isa = PBXFileReference; lastKnownFileType = sourcecode.cpp.cpp; path = exp.cpp; sourceTree = "<group>"; };
		17F5FC572D3F67EE00541656 /* test.cpp */ = {isa = PBXFileReference; lastKnownFileType = sourcecode.cpp.cpp; path = test.cpp; sourceTree = "<group>"; };
		17F5FC5A2D3F694400541656 /* catch.h */ = {isa = PBXFileReference; lastKnownFileType = sourcecode.c.h; path = catch.h; sourceTree = "<group>"; };
		17F5FC5C2D401CF800541656 /* exp.h */ = {isa = PBXFileReference; lastKnownFileType = sourcecode.c.h; path = exp.h; sourceTree = "<group>"; };
/* End PBXFileReference section */

/* Begin PBXFrameworksBuildPhase section */
		173F4F5C2D36C7A400505FBB /* Frameworks */ = {
			isa = PBXFrameworksBuildPhase;
			buildActionMask = 2147483647;
			files = (
			);
			runOnlyForDeploymentPostprocessing = 0;
		};
/* End PBXFrameworksBuildPhase section */

/* Begin PBXGroup section */
		173F4F562D36C7A400505FBB = {
			isa = PBXGroup;
			children = (
				173F4F612D36C7A400505FBB /* Phase1 */,
				173F4F602D36C7A400505FBB /* Products */,
			);
			sourceTree = "<group>";
		};
		173F4F602D36C7A400505FBB /* Products */ = {
			isa = PBXGroup;
			children = (
				173F4F5F2D36C7A400505FBB /* Phase1 */,
			);
			name = Products;
			sourceTree = "<group>";
		};
		173F4F612D36C7A400505FBB /* Phase1 */ = {
			isa = PBXGroup;
			children = (
				17F5FC5A2D3F694400541656 /* catch.h */,
				173F4F622D36C7A400505FBB /* main.cpp */,
				173F4F692D36C7CD00505FBB /* cmdline.h */,
				173F4F6A2D36C87300505FBB /* cmdline.cpp */,
				17F5FC542D3F677400541656 /* exp.cpp */,
				17F5FC572D3F67EE00541656 /* test.cpp */,
				17F5FC5C2D401CF800541656 /* exp.h */,
			);
			path = Phase1;
			sourceTree = "<group>";
		};
/* End PBXGroup section */

/* Begin PBXNativeTarget section */
		173F4F5E2D36C7A400505FBB /* Phase1 */ = {
			isa = PBXNativeTarget;
			buildConfigurationList = 173F4F662D36C7A400505FBB /* Build configuration list for PBXNativeTarget "Phase1" */;
			buildPhases = (
				173F4F5B2D36C7A400505FBB /* Sources */,
				173F4F5C2D36C7A400505FBB /* Frameworks */,
				173F4F5D2D36C7A400505FBB /* CopyFiles */,
			);
			buildRules = (
			);
			dependencies = (
			);
			name = Phase1;
			productName = Phase1;
			productReference = 173F4F5F2D36C7A400505FBB /* Phase1 */;
			productType = "com.apple.product-type.tool";
		};
/* End PBXNativeTarget section */

/* Begin PBXProject section */
		173F4F572D36C7A400505FBB /* Project object */ = {
			isa = PBXProject;
			attributes = {
				BuildIndependentTargetsInParallel = 1;
				LastUpgradeCheck = 1540;
				TargetAttributes = {
					173F4F5E2D36C7A400505FBB = {
						CreatedOnToolsVersion = 15.4;
					};
				};
			};
			buildConfigurationList = 173F4F5A2D36C7A400505FBB /* Build configuration list for PBXProject "Phase1" */;
			compatibilityVersion = "Xcode 14.0";
			developmentRegion = en;
			hasScannedForEncodings = 0;
			knownRegions = (
				en,
				Base,
			);
			mainGroup = 173F4F562D36C7A400505FBB;
			productRefGroup = 173F4F602D36C7A400505FBB /* Products */;
			projectDirPath = "";
			projectRoot = "";
			targets = (
				173F4F5E2D36C7A400505FBB /* Phase1 */,
			);
		};
/* End PBXProject section */

/* Begin PBXSourcesBuildPhase section */
		173F4F5B2D36C7A400505FBB /* Sources */ = {
			isa = PBXSourcesBuildPhase;
			buildActionMask = 2147483647;
			files = (
				17F5FC562D3F677400541656 /* exp.cpp in Sources */,
				17F5FC582D3F67EE00541656 /* test.cpp in Sources */,
				173F4F6C2D36C87300505FBB /* cmdline.cpp in Sources */,
				173F4F632D36C7A400505FBB /* main.cpp in Sources */,
			);
			runOnlyForDeploymentPostprocessing = 0;
		};
/* End PBXSourcesBuildPhase section */

/* Begin XCBuildConfiguration section */
		173F4F642D36C7A400505FBB /* Debug */ = {
			isa = XCBuildConfiguration;
			buildSettings = {
				ALWAYS_SEARCH_USER_PATHS = NO;
				ASSETCATALOG_COMPILER_GENERATE_SWIFT_ASSET_SYMBOL_EXTENSIONS = YES;
				CLANG_ANALYZER_NONNULL = YES;
				CLANG_ANALYZER_NUMBER_OBJECT_CONVERSION = YES_AGGRESSIVE;
				CLANG_CXX_LANGUAGE_STANDARD = "gnu++20";
				CLANG_ENABLE_MODULES = YES;
				CLANG_ENABLE_OBJC_ARC = YES;
				CLANG_ENABLE_OBJC_WEAK = YES;
				CLANG_WARN_BLOCK_CAPTURE_AUTORELEASING = YES;
				CLANG_WARN_BOOL_CONVERSION = YES;
				CLANG_WARN_COMMA = YES;
				CLANG_WARN_CONSTANT_CONVERSION = YES;
				CLANG_WARN_DEPRECATED_OBJC_IMPLEMENTATIONS = YES;
				CLANG_WARN_DIRECT_OBJC_ISA_USAGE = YES_ERROR;
				CLANG_WARN_DOCUMENTATION_COMMENTS = YES;
				CLANG_WARN_EMPTY_BODY = YES;
				CLANG_WARN_ENUM_CONVERSION = YES;
				CLANG_WARN_INFINITE_RECURSION = YES;
				CLANG_WARN_INT_CONVERSION = YES;
				CLANG_WARN_NON_LITERAL_NULL_CONVERSION = YES;
				CLANG_WARN_OBJC_IMPLICIT_RETAIN_SELF = YES;
				CLANG_WARN_OBJC_LITERAL_CONVERSION = YES;
				CLANG_WARN_OBJC_ROOT_CLASS = YES_ERROR;
				CLANG_WARN_QUOTED_INCLUDE_IN_FRAMEWORK_HEADER = YES;
				CLANG_WARN_RANGE_LOOP_ANALYSIS = YES;
				CLANG_WARN_STRICT_PROTOTYPES = YES;
				CLANG_WARN_SUSPICIOUS_MOVE = YES;
				CLANG_WARN_UNGUARDED_AVAILABILITY = YES_AGGRESSIVE;
				CLANG_WARN_UNREACHABLE_CODE = YES;
				CLANG_WARN__DUPLICATE_METHOD_MATCH = YES;
				COPY_PHASE_STRIP = NO;
				DEBUG_INFORMATION_FORMAT = dwarf;
				ENABLE_STRICT_OBJC_MSGSEND = YES;
				ENABLE_TESTABILITY = YES;
				ENABLE_USER_SCRIPT_SANDBOXING = YES;
				GCC_C_LANGUAGE_STANDARD = gnu17;
				GCC_DYNAMIC_NO_PIC = NO;
				GCC_NO_COMMON_BLOCKS = YES;
				GCC_OPTIMIZATION_LEVEL = 0;
				GCC_PREPROCESSOR_DEFINITIONS = (
					"DEBUG=1",
					"$(inherited)",
				);
				GCC_WARN_64_TO_32_BIT_CONVERSION = YES;
				GCC_WARN_ABOUT_RETURN_TYPE = YES_ERROR;
				GCC_WARN_UNDECLARED_SELECTOR = YES;
				GCC_WARN_UNINITIALIZED_AUTOS = YES_AGGRESSIVE;
				GCC_WARN_UNUSED_FUNCTION = YES;
				GCC_WARN_UNUSED_VARIABLE = YES;
				LOCALIZATION_PREFERS_STRING_CATALOGS = YES;
				MACOSX_DEPLOYMENT_TARGET = 14.3;
				MTL_ENABLE_DEBUG_INFO = INCLUDE_SOURCE;
				MTL_FAST_MATH = YES;
				ONLY_ACTIVE_ARCH = YES;
				SDKROOT = macosx;
			};
			name = Debug;
		};
		173F4F652D36C7A400505FBB /* Release */ = {
			isa = XCBuildConfiguration;
			buildSettings = {
				ALWAYS_SEARCH_USER_PATHS = NO;
				ASSETCATALOG_COMPILER_GENERATE_SWIFT_ASSET_SYMBOL_EXTENSIONS = YES;
				CLANG_ANALYZER_NONNULL = YES;
				CLANG_ANALYZER_NUMBER_OBJECT_CONVERSION = YES_AGGRESSIVE;
				CLANG_CXX_LANGUAGE_STANDARD = "gnu++20";
				CLANG_ENABLE_MODULES = YES;
				CLANG_ENABLE_OBJC_ARC = YES;
				CLANG_ENABLE_OBJC_WEAK = YES;
				CLANG_WARN_BLOCK_CAPTURE_AUTORELEASING = YES;
				CLANG_WARN_BOOL_CONVERSION = YES;
				CLANG_WARN_COMMA = YES;
				CLANG_WARN_CONSTANT_CONVERSION = YES;
				CLANG_WARN_DEPRECATED_OBJC_IMPLEMENTATIONS = YES;
				CLANG_WARN_DIRECT_OBJC_ISA_USAGE = YES_ERROR;
				CLANG_WARN_DOCUMENTATION_COMMENTS = YES;
				CLANG_WARN_EMPTY_BODY = YES;
				CLANG_WARN_ENUM_CONVERSION = YES;
				CLANG_WARN_INFINITE_RECURSION = YES;
				CLANG_WARN_INT_CONVERSION = YES;
				CLANG_WARN_NON_LITERAL_NULL_CONVERSION = YES;
				CLANG_WARN_OBJC_IMPLICIT_RETAIN_SELF = YES;
				CLANG_WARN_OBJC_LITERAL_CONVERSION = YES;
				CLANG_WARN_OBJC_ROOT_CLASS = YES_ERROR;
				CLANG_WARN_QUOTED_INCLUDE_IN_FRAMEWORK_HEADER = YES;
				CLANG_WARN_RANGE_LOOP_ANALYSIS = YES;
				CLANG_WARN_STRICT_PROTOTYPES = YES;
				CLANG_WARN_SUSPICIOUS_MOVE = YES;
				CLANG_WARN_UNGUARDED_AVAILABILITY = YES_AGGRESSIVE;
				CLANG_WARN_UNREACHABLE_CODE = YES;
				CLANG_WARN__DUPLICATE_METHOD_MATCH = YES;
				COPY_PHASE_STRIP = NO;
				DEBUG_INFORMATION_FORMAT = "dwarf-with-dsym";
				ENABLE_NS_ASSERTIONS = NO;
				ENABLE_STRICT_OBJC_MSGSEND = YES;
				ENABLE_USER_SCRIPT_SANDBOXING = YES;
				GCC_C_LANGUAGE_STANDARD = gnu17;
				GCC_NO_COMMON_BLOCKS = YES;
				GCC_WARN_64_TO_32_BIT_CONVERSION = YES;
				GCC_WARN_ABOUT_RETURN_TYPE = YES_ERROR;
				GCC_WARN_UNDECLARED_SELECTOR = YES;
				GCC_WARN_UNINITIALIZED_AUTOS = YES_AGGRESSIVE;
				GCC_WARN_UNUSED_FUNCTION = YES;
				GCC_WARN_UNUSED_VARIABLE = YES;
				LOCALIZATION_PREFERS_STRING_CATALOGS = YES;
				MACOSX_DEPLOYMENT_TARGET = 14.3;
				MTL_ENABLE_DEBUG_INFO = NO;
				MTL_FAST_MATH = YES;
				SDKROOT = macosx;
			};
			name = Release;
		};
		173F4F672D36C7A400505FBB /* Debug */ = {
			isa = XCBuildConfiguration;
			buildSettings = {
				CODE_SIGN_STYLE = Automatic;
				PRODUCT_NAME = "$(TARGET_NAME)";
			};
			name = Debug;
		};
		173F4F682D36C7A400505FBB /* Release */ = {
			isa = XCBuildConfiguration;
			buildSettings = {
				CODE_SIGN_STYLE = Automatic;
				PRODUCT_NAME = "$(TARGET_NAME)";
			};
			name = Release;
		};
/* End XCBuildConfiguration section */

/* Begin XCConfigurationList section */
		173F4F5A2D36C7A400505FBB /* Build configuration list for PBXProject "Phase1" */ = {
			isa = XCConfigurationList;
			buildConfigurations = (
				173F4F642D36C7A400505FBB /* Debug */,
				173F4F652D36C7A400505FBB /* Release */,
			);
			defaultConfigurationIsVisible = 0;
			defaultConfigurationName = Release;
		};
		173F4F662D36C7A400505FBB /* Build configuration list for PBXNativeTarget "Phase1" */ = {
			isa = XCConfigurationList;
			buildConfigurations = (
				173F4F672D36C7A400505FBB /* Debug */,
				173F4F682D36C7A400505FBB /* Release */,
			);
			defaultConfigurationIsVisible = 0;
			defaultConfigurationName = Release;
		};
/* End XCConfigurationList section */
	};
	rootObject = 173F4F572D36C7A400505FBB /* Project object */;
}
