// !$*UTF8*$!
{
	archiveVersion = 1;
	classes = {
	};
	objectVersion = 56;
	objects = {

/* Begin PBXBuildFile section */
		176FBC372D517C76007C33E9 /* main.cpp in Sources */ = {isa = PBXBuildFile; fileRef = 176FBC302D517C76007C33E9 /* main.cpp */; };
		176FBC382D517C76007C33E9 /* cmdline.cpp in Sources */ = {isa = PBXBuildFile; fileRef = 176FBC312D517C76007C33E9 /* cmdline.cpp */; };
		176FBC392D517C76007C33E9 /* exp.cpp in Sources */ = {isa = PBXBuildFile; fileRef = 176FBC322D517C76007C33E9 /* exp.cpp */; };
		176FBC3A2D517C76007C33E9 /* test.cpp in Sources */ = {isa = PBXBuildFile; fileRef = 176FBC342D517C76007C33E9 /* test.cpp */; };
		176FBC3B2D517C76007C33E9 /* Makefile in Sources */ = {isa = PBXBuildFile; fileRef = 176FBC352D517C76007C33E9 /* Makefile */; };
/* End PBXBuildFile section */

/* Begin PBXCopyFilesBuildPhase section */
		176FBC232D517C3B007C33E9 /* CopyFiles */ = {
			isa = PBXCopyFilesBuildPhase;
			buildActionMask = 2147483647;
			dstPath = /usr/share/man/man1/;
			dstSubfolderSpec = 0;
			files = (
			);
			runOnlyForDeploymentPostprocessing = 1;
		};
/* End PBXCopyFilesBuildPhase section */

/* Begin PBXFileReference section */
		176FBC252D517C3B007C33E9 /* phase3 */ = {isa = PBXFileReference; explicitFileType = "compiled.mach-o.executable"; includeInIndex = 0; path = phase3; sourceTree = BUILT_PRODUCTS_DIR; };
		176FBC2F2D517C76007C33E9 /* catch.h */ = {isa = PBXFileReference; fileEncoding = 4; lastKnownFileType = sourcecode.c.h; name = catch.h; path = ../../../../../Desktop/Phase1/catch.h; sourceTree = "<group>"; };
		176FBC302D517C76007C33E9 /* main.cpp */ = {isa = PBXFileReference; fileEncoding = 4; lastKnownFileType = sourcecode.cpp.cpp; name = main.cpp; path = ../../../../../Desktop/Phase1/main.cpp; sourceTree = "<group>"; };
		176FBC312D517C76007C33E9 /* cmdline.cpp */ = {isa = PBXFileReference; fileEncoding = 4; lastKnownFileType = sourcecode.cpp.cpp; name = cmdline.cpp; path = ../../../../../Desktop/Phase1/cmdline.cpp; sourceTree = "<group>"; };
		176FBC322D517C76007C33E9 /* exp.cpp */ = {isa = PBXFileReference; fileEncoding = 4; lastKnownFileType = sourcecode.cpp.cpp; name = exp.cpp; path = ../../../../../Desktop/Phase1/exp.cpp; sourceTree = "<group>"; };
		176FBC332D517C76007C33E9 /* cmdline.h */ = {isa = PBXFileReference; fileEncoding = 4; lastKnownFileType = sourcecode.c.h; name = cmdline.h; path = ../../../../../Desktop/Phase1/cmdline.h; sourceTree = "<group>"; };
		176FBC342D517C76007C33E9 /* test.cpp */ = {isa = PBXFileReference; fileEncoding = 4; lastKnownFileType = sourcecode.cpp.cpp; name = test.cpp; path = ../../../../../Desktop/Phase1/test.cpp; sourceTree = "<group>"; };
		176FBC352D517C76007C33E9 /* Makefile */ = {isa = PBXFileReference; fileEncoding = 4; lastKnownFileType = sourcecode.make; name = Makefile; path = ../../../../../Desktop/Phase1/Makefile; sourceTree = "<group>"; };
		176FBC362D517C76007C33E9 /* exp.h */ = {isa = PBXFileReference; fileEncoding = 4; lastKnownFileType = sourcecode.c.h; name = exp.h; path = ../../../../../Desktop/Phase1/exp.h; sourceTree = "<group>"; };
/* End PBXFileReference section */

/* Begin PBXFrameworksBuildPhase section */
		176FBC222D517C3B007C33E9 /* Frameworks */ = {
			isa = PBXFrameworksBuildPhase;
			buildActionMask = 2147483647;
			files = (
			);
			runOnlyForDeploymentPostprocessing = 0;
		};
/* End PBXFrameworksBuildPhase section */

/* Begin PBXGroup section */
		176FBC1C2D517C3B007C33E9 = {
			isa = PBXGroup;
			children = (
				176FBC272D517C3B007C33E9 /* phase3 */,
				176FBC262D517C3B007C33E9 /* Products */,
			);
			sourceTree = "<group>";
		};
		176FBC262D517C3B007C33E9 /* Products */ = {
			isa = PBXGroup;
			children = (
				176FBC252D517C3B007C33E9 /* phase3 */,
			);
			name = Products;
			sourceTree = "<group>";
		};
		176FBC272D517C3B007C33E9 /* phase3 */ = {
			isa = PBXGroup;
			children = (
				176FBC2F2D517C76007C33E9 /* catch.h */,
				176FBC312D517C76007C33E9 /* cmdline.cpp */,
				176FBC332D517C76007C33E9 /* cmdline.h */,
				176FBC322D517C76007C33E9 /* exp.cpp */,
				176FBC362D517C76007C33E9 /* exp.h */,
				176FBC302D517C76007C33E9 /* main.cpp */,
				176FBC352D517C76007C33E9 /* Makefile */,
				176FBC342D517C76007C33E9 /* test.cpp */,
			);
			path = phase3;
			sourceTree = "<group>";
		};
/* End PBXGroup section */

/* Begin PBXNativeTarget section */
		176FBC242D517C3B007C33E9 /* phase3 */ = {
			isa = PBXNativeTarget;
			buildConfigurationList = 176FBC2C2D517C3B007C33E9 /* Build configuration list for PBXNativeTarget "phase3" */;
			buildPhases = (
				176FBC212D517C3B007C33E9 /* Sources */,
				176FBC222D517C3B007C33E9 /* Frameworks */,
				176FBC232D517C3B007C33E9 /* CopyFiles */,
			);
			buildRules = (
			);
			dependencies = (
			);
			name = phase3;
			productName = phase3;
			productReference = 176FBC252D517C3B007C33E9 /* phase3 */;
			productType = "com.apple.product-type.tool";
		};
/* End PBXNativeTarget section */

/* Begin PBXProject section */
		176FBC1D2D517C3B007C33E9 /* Project object */ = {
			isa = PBXProject;
			attributes = {
				BuildIndependentTargetsInParallel = 1;
				LastUpgradeCheck = 1540;
				TargetAttributes = {
					176FBC242D517C3B007C33E9 = {
						CreatedOnToolsVersion = 15.4;
					};
				};
			};
			buildConfigurationList = 176FBC202D517C3B007C33E9 /* Build configuration list for PBXProject "phase3" */;
			compatibilityVersion = "Xcode 14.0";
			developmentRegion = en;
			hasScannedForEncodings = 0;
			knownRegions = (
				en,
				Base,
			);
			mainGroup = 176FBC1C2D517C3B007C33E9;
			productRefGroup = 176FBC262D517C3B007C33E9 /* Products */;
			projectDirPath = "";
			projectRoot = "";
			targets = (
				176FBC242D517C3B007C33E9 /* phase3 */,
			);
		};
/* End PBXProject section */

/* Begin PBXSourcesBuildPhase section */
		176FBC212D517C3B007C33E9 /* Sources */ = {
			isa = PBXSourcesBuildPhase;
			buildActionMask = 2147483647;
			files = (
				176FBC3B2D517C76007C33E9 /* Makefile in Sources */,
				176FBC372D517C76007C33E9 /* main.cpp in Sources */,
				176FBC392D517C76007C33E9 /* exp.cpp in Sources */,
				176FBC3A2D517C76007C33E9 /* test.cpp in Sources */,
				176FBC382D517C76007C33E9 /* cmdline.cpp in Sources */,
			);
			runOnlyForDeploymentPostprocessing = 0;
		};
/* End PBXSourcesBuildPhase section */

/* Begin XCBuildConfiguration section */
		176FBC2A2D517C3B007C33E9 /* Debug */ = {
			isa = XCBuildConfiguration;
			buildSettings = {
				ALWAYS_SEARCH_USER_PATHS = NO;
				ASSETCATALOG_COMPILER_GENERATE_SWIFT_ASSET_SYMBOL_EXTENSIONS = YES;
				CLANG_ANALYZER_NONNULL = YES;
				CLANG_ANALYZER_NUMBER_OBJECT_CONVERSION = YES_AGGRESSIVE;
				CLANG_CXX_LANGUAGE_STANDARD = "gnu++20";
				CLANG_ENABLE_MODULES = YES;
				CLANG_ENABLE_OBJC_ARC = YES;
				CLANG_ENABLE_OBJC_WEAK = YES;
				CLANG_WARN_BLOCK_CAPTURE_AUTORELEASING = YES;
				CLANG_WARN_BOOL_CONVERSION = YES;
				CLANG_WARN_COMMA = YES;
				CLANG_WARN_CONSTANT_CONVERSION = YES;
				CLANG_WARN_DEPRECATED_OBJC_IMPLEMENTATIONS = YES;
				CLANG_WARN_DIRECT_OBJC_ISA_USAGE = YES_ERROR;
				CLANG_WARN_DOCUMENTATION_COMMENTS = YES;
				CLANG_WARN_EMPTY_BODY = YES;
				CLANG_WARN_ENUM_CONVERSION = YES;
				CLANG_WARN_INFINITE_RECURSION = YES;
				CLANG_WARN_INT_CONVERSION = YES;
				CLANG_WARN_NON_LITERAL_NULL_CONVERSION = YES;
				CLANG_WARN_OBJC_IMPLICIT_RETAIN_SELF = YES;
				CLANG_WARN_OBJC_LITERAL_CONVERSION = YES;
				CLANG_WARN_OBJC_ROOT_CLASS = YES_ERROR;
				CLANG_WARN_QUOTED_INCLUDE_IN_FRAMEWORK_HEADER = YES;
				CLANG_WARN_RANGE_LOOP_ANALYSIS = YES;
				CLANG_WARN_STRICT_PROTOTYPES = YES;
				CLANG_WARN_SUSPICIOUS_MOVE = YES;
				CLANG_WARN_UNGUARDED_AVAILABILITY = YES_AGGRESSIVE;
				CLANG_WARN_UNREACHABLE_CODE = YES;
				CLANG_WARN__DUPLICATE_METHOD_MATCH = YES;
				COPY_PHASE_STRIP = NO;
				DEBUG_INFORMATION_FORMAT = dwarf;
				ENABLE_STRICT_OBJC_MSGSEND = YES;
				ENABLE_TESTABILITY = YES;
				ENABLE_USER_SCRIPT_SANDBOXING = YES;
				GCC_C_LANGUAGE_STANDARD = gnu17;
				GCC_DYNAMIC_NO_PIC = NO;
				GCC_NO_COMMON_BLOCKS = YES;
				GCC_OPTIMIZATION_LEVEL = 0;
				GCC_PREPROCESSOR_DEFINITIONS = (
					"DEBUG=1",
					"$(inherited)",
				);
				GCC_WARN_64_TO_32_BIT_CONVERSION = YES;
				GCC_WARN_ABOUT_RETURN_TYPE = YES_ERROR;
				GCC_WARN_UNDECLARED_SELECTOR = YES;
				GCC_WARN_UNINITIALIZED_AUTOS = YES_AGGRESSIVE;
				GCC_WARN_UNUSED_FUNCTION = YES;
				GCC_WARN_UNUSED_VARIABLE = YES;
				LOCALIZATION_PREFERS_STRING_CATALOGS = YES;
				MACOSX_DEPLOYMENT_TARGET = 14.3;
				MTL_ENABLE_DEBUG_INFO = INCLUDE_SOURCE;
				MTL_FAST_MATH = YES;
				ONLY_ACTIVE_ARCH = YES;
				SDKROOT = macosx;
			};
			name = Debug;
		};
		176FBC2B2D517C3B007C33E9 /* Release */ = {
			isa = XCBuildConfiguration;
			buildSettings = {
				ALWAYS_SEARCH_USER_PATHS = NO;
				ASSETCATALOG_COMPILER_GENERATE_SWIFT_ASSET_SYMBOL_EXTENSIONS = YES;
				CLANG_ANALYZER_NONNULL = YES;
				CLANG_ANALYZER_NUMBER_OBJECT_CONVERSION = YES_AGGRESSIVE;
				CLANG_CXX_LANGUAGE_STANDARD = "gnu++20";
				CLANG_ENABLE_MODULES = YES;
				CLANG_ENABLE_OBJC_ARC = YES;
				CLANG_ENABLE_OBJC_WEAK = YES;
				CLANG_WARN_BLOCK_CAPTURE_AUTORELEASING = YES;
				CLANG_WARN_BOOL_CONVERSION = YES;
				CLANG_WARN_COMMA = YES;
				CLANG_WARN_CONSTANT_CONVERSION = YES;
				CLANG_WARN_DEPRECATED_OBJC_IMPLEMENTATIONS = YES;
				CLANG_WARN_DIRECT_OBJC_ISA_USAGE = YES_ERROR;
				CLANG_WARN_DOCUMENTATION_COMMENTS = YES;
				CLANG_WARN_EMPTY_BODY = YES;
				CLANG_WARN_ENUM_CONVERSION = YES;
				CLANG_WARN_INFINITE_RECURSION = YES;
				CLANG_WARN_INT_CONVERSION = YES;
				CLANG_WARN_NON_LITERAL_NULL_CONVERSION = YES;
				CLANG_WARN_OBJC_IMPLICIT_RETAIN_SELF = YES;
				CLANG_WARN_OBJC_LITERAL_CONVERSION = YES;
				CLANG_WARN_OBJC_ROOT_CLASS = YES_ERROR;
				CLANG_WARN_QUOTED_INCLUDE_IN_FRAMEWORK_HEADER = YES;
				CLANG_WARN_RANGE_LOOP_ANALYSIS = YES;
				CLANG_WARN_STRICT_PROTOTYPES = YES;
				CLANG_WARN_SUSPICIOUS_MOVE = YES;
				CLANG_WARN_UNGUARDED_AVAILABILITY = YES_AGGRESSIVE;
				CLANG_WARN_UNREACHABLE_CODE = YES;
				CLANG_WARN__DUPLICATE_METHOD_MATCH = YES;
				COPY_PHASE_STRIP = NO;
				DEBUG_INFORMATION_FORMAT = "dwarf-with-dsym";
				ENABLE_NS_ASSERTIONS = NO;
				ENABLE_STRICT_OBJC_MSGSEND = YES;
				ENABLE_USER_SCRIPT_SANDBOXING = YES;
				GCC_C_LANGUAGE_STANDARD = gnu17;
				GCC_NO_COMMON_BLOCKS = YES;
				GCC_WARN_64_TO_32_BIT_CONVERSION = YES;
				GCC_WARN_ABOUT_RETURN_TYPE = YES_ERROR;
				GCC_WARN_UNDECLARED_SELECTOR = YES;
				GCC_WARN_UNINITIALIZED_AUTOS = YES_AGGRESSIVE;
				GCC_WARN_UNUSED_FUNCTION = YES;
				GCC_WARN_UNUSED_VARIABLE = YES;
				LOCALIZATION_PREFERS_STRING_CATALOGS = YES;
				MACOSX_DEPLOYMENT_TARGET = 14.3;
				MTL_ENABLE_DEBUG_INFO = NO;
				MTL_FAST_MATH = YES;
				SDKROOT = macosx;
			};
			name = Release;
		};
		176FBC2D2D517C3B007C33E9 /* Debug */ = {
			isa = XCBuildConfiguration;
			buildSettings = {
				CODE_SIGN_STYLE = Automatic;
				PRODUCT_NAME = "$(TARGET_NAME)";
			};
			name = Debug;
		};
		176FBC2E2D517C3B007C33E9 /* Release */ = {
			isa = XCBuildConfiguration;
			buildSettings = {
				CODE_SIGN_STYLE = Automatic;
				PRODUCT_NAME = "$(TARGET_NAME)";
			};
			name = Release;
		};
/* End XCBuildConfiguration section */

/* Begin XCConfigurationList section */
		176FBC202D517C3B007C33E9 /* Build configuration list for PBXProject "phase3" */ = {
			isa = XCConfigurationList;
			buildConfigurations = (
				176FBC2A2D517C3B007C33E9 /* Debug */,
				176FBC2B2D517C3B007C33E9 /* Release */,
			);
			defaultConfigurationIsVisible = 0;
			defaultConfigurationName = Release;
		};
		176FBC2C2D517C3B007C33E9 /* Build configuration list for PBXNativeTarget "phase3" */ = {
			isa = XCConfigurationList;
			buildConfigurations = (
				176FBC2D2D517C3B007C33E9 /* Debug */,
				176FBC2E2D517C3B007C33E9 /* Release */,
			);
			defaultConfigurationIsVisible = 0;
			defaultConfigurationName = Release;
		};
/* End XCConfigurationList section */
	};
	rootObject = 176FBC1D2D517C3B007C33E9 /* Project object */;
}
